version = 1
revision = 3
requires-python = ">=3.14"

[[package]]
name = "asgiref"
version = "3.12.1"
source = { registry = "https://pypi.org/simple" }
sdist = { url = "https://files.pythonhosted.org/packages/e6/26/3b59f2bdae5f640389becb1f673cded775287f5fc4f816309d9ca9a3f93d/asgiref-3.12.1.tar.gz", hash = "sha256:59dcb51c272ad209d59bed5708a64a333083e86017d7fcdd67498eeab7784340", size = 42378, upload-time = "2026-07-14T09:56:18.087Z" }
wheels = [
    { url = "https://files.pythonhosted.org/packages/c0/1b/54f4ad77cd8a584fa70746c47df988e002cf1ee1eba43364d46f87803647/asgiref-3.12.1-py3-none-any.whl", hash = "sha256:fe386d1c2bff7259ea95929266d12a8cf9a8b5a1c2598402967d8792e7a7c094", size = 25478, upload-time = "2026-07-14T09:56:16.926Z" },
]

[[package]]
name = "belliazzi-sistema-de-trazabilidad"
version = "0.1.0"
source = { virtual = "." }
dependencies = [
    { name = "django" },
    { name = "django-environ" },
    { name = "mysqlclient" },
    { name = "openpyxl" },
    { name = "qrcode", extra = ["png"] },
]

[package.metadata]
requires-dist = [
    { name = "django", specifier = ">=5.2,<5.3" },
    { name = "django-environ", specifier = ">=0.14.0" },
    { name = "mysqlclient", specifier = ">=2.3.0" },
    { name = "openpyxl", specifier = ">=3.1.5,<4" },
    { name = "qrcode", extras = ["png"], specifier = ">=8.2,<9" },
]

[[package]]
name = "colorama"
version = "0.4.6"
source = { registry = "https://pypi.org/simple" }
sdist = { url = "https://files.pythonhosted.org/packages/d8/53/6f443c9a4a8358a93a6792e2acffb9d9d5cb0a5cfd8802644b7b1c9a02e4/colorama-0.4.6.tar.gz", hash = "sha256:08695f5cb7ed6e0531a20572697297273c47b8cae5a63ffc6d6ed5c201be6e44", size = 27697, upload-time = "2022-10-25T02:36:22.414Z" }
wheels = [
    { url = "https://files.pythonhosted.org/packages/d1/d6/3965ed04c63042e047cb6a3e6ed1a63a35087b6a609aa3a15ed8ac56c221/colorama-0.4.6-py2.py3-none-any.whl", hash = "sha256:4f1d9991f5acc0ca119f9d443620b77f9d6b33703e51011c16baf57afb285fc6", size = 25335, upload-time = "2022-10-25T02:36:20.889Z" },
]

[[package]]
name = "django"
version = "5.2.17"
source = { registry = "https://pypi.org/simple" }
dependencies = [
    { name = "asgiref" },
    { name = "sqlparse" },
    { name = "tzdata", marker = "sys_platform == 'win32'" },
]
sdist = { url = "https://files.pythonhosted.org/packages/d5/d8/43e9d000519adceb189620b6869ff88031e046df91c2e9da72f8f6918399/django-5.2.17.tar.gz", hash = "sha256:9d4d93be539a18ab80d058eb515900e10951e04c537c5a6b394fc49528d3251f", size = 10889740, upload-time = "2026-08-04T15:04:03.173Z" }
wheels = [
    { url = "https://files.pythonhosted.org/packages/df/f8/ce120525ca78f12b07daf65786679c5d0b54a75285a8958d3ae55e39da35/django-5.2.17-py3-none-any.whl", hash = "sha256:f04fb3b36ee119e1af4fa1d397d5fd6cf12700f49321e84d4f4c642c5b1973db", size = 8315563, upload-time = "2026-08-04T15:03:59.1Z" },
]

[[package]]
name = "django-environ"
version = "0.14.0"
source = { registry = "https://pypi.org/simple" }
sdist = { url = "https://files.pythonhosted.org/packages/57/e1/4c4ddcf6e90f023e89edb1d92f9a7fffce61ad4b691df497f2f5c0be6e26/django_environ-0.14.0.tar.gz", hash = "sha256:b6c48d93b9d2ff8a3ea14099e90c35aa4f101c1b4d5f262dfee0d27b06742ed7", size = 60417, upload-time = "2026-06-18T22:49:55.847Z" }
wheels = [
    { url = "https://files.pythonhosted.org/packages/1a/fe/67b423fc30f16d10259e901320fbc121746bf168aaaad9043e6ebb0110c1/django_environ-0.14.0-py3-none-any.whl", hash = "sha256:8dbe8a57f0a540ab8abd6f54f230de5e99e3a2c9d797cb9caecb037bca3d47d8", size = 20934, upload-time = "2026-06-18T22:49:54.355Z" },
]

[[package]]
name = "et-xmlfile"
version = "2.0.0"
source = { registry = "https://pypi.org/simple" }
sdist = { url = "https://files.pythonhosted.org/packages/d3/38/af70d7ab1ae9d4da450eeec1fa3918940a5fafb9055e934af8d6eb0c2313/et_xmlfile-2.0.0.tar.gz", hash = "sha256:dab3f4764309081ce75662649be815c4c9081e88f0837825f90fd28317d4da54", size = 17234, upload-time = "2024-10-25T17:25:40.039Z" }
wheels = [
    { url = "https://files.pythonhosted.org/packages/c1/8b/5fe2cc11fee489817272089c4203e679c63b570a5aaeb18d852ae3cbba6a/et_xmlfile-2.0.0-py3-none-any.whl", hash = "sha256:7a91720bc756843502c3b7504c77b8fe44217c85c537d85037f0f536151b2caa", size = 18059, upload-time = "2024-10-25T17:25:39.051Z" },
]

[[package]]
name = "mysqlclient"
version = "2.3.0"
source = { registry = "https://pypi.org/simple" }
sdist = { url = "https://files.pythonhosted.org/packages/ef/8f/b9488795d21a76c1520905feba5afb6233f16510797a28b51f2b2688c93e/mysqlclient-2.3.0.tar.gz", hash = "sha256:bea8294964266f6486f1ca514ccfcdbc54d4fe0d32882b38c1d4594df870be8b", size = 102185, upload-time = "2026-09-14T15:38:30.784Z" }
wheels = [
    { url = "https://files.pythonhosted.org/packages/6e/5f/f62d1263a942e97ca34ea8bf151c13a638fea7a5a544aa9db3d6dad7671d/mysqlclient-2.3.0-cp314-cp314-win_amd64.whl", hash = "sha256:5d4c53eb9c5625dd68b6fed32c8cf00ba19cd1c3073645dec309a9d16bd029e2", size = 222543, upload-time = "2026-09-14T15:38:22.036Z" },
    { url = "https://files.pythonhosted.org/packages/9d/e5/1de3e1fc27009a6da30a52167e98f52ab4277d089eaff7152f6156745af9/mysqlclient-2.3.0-cp314-cp314-win_arm64.whl", hash = "sha256:cfe14103280d5a4968fe8a3ace2a8939ef68a1d881aec9872d06746106b49f7f", size = 213120, upload-time = "2026-09-14T15:38:23.063Z" },
    { url = "https://files.pythonhosted.org/packages/b3/ea/d7ebc53af9d3341e5c049795ec5e88946d83cbd26ee468475ae0c3b21d7f/mysqlclient-2.3.0-cp314-cp314t-win_amd64.whl", hash = "sha256:673891700dafbc66a6a8df12059b53a65905ec6e8dec615392fb984299880c0d", size = 222969, upload-time = "2026-09-14T15:38:24.168Z" },
    { url = "https://files.pythonhosted.org/packages/4b/42/9ff798c066e33df9f7b58822a3eaf26185c3cb7e61a8186a56243b006066/mysqlclient-2.3.0-cp314-cp314t-win_arm64.whl", hash = "sha256:fe27c63ba9088b28467bf276f93f0b4a9062beabaeeb9692593e774d1146cce2", size = 213680, upload-time = "2026-09-14T15:38:25.259Z" },
    { url = "https://files.pythonhosted.org/packages/d2/0f/29185111b7c0dd264e910c1250f2fd9a452ebad7fb272e750d8ffb18e67c/mysqlclient-2.3.0-cp315-cp315-win_amd64.whl", hash = "sha256:3c601984c286c51080e0d3e9a857bc014713e6338b5f9c0a5df453a341b14022", size = 222537, upload-time = "2026-09-14T15:38:26.308Z" },
    { url = "https://files.pythonhosted.org/packages/32/7b/4a050453adb5d07ee5f979f17409f93be545baae786dd58698f82b08a3e1/mysqlclient-2.3.0-cp315-cp315-win_arm64.whl", hash = "sha256:3d39527a5525b4ebff99721d063f4fe9e459b9e437c7b7698374966d92d4355d", size = 213112, upload-time = "2026-09-14T15:38:27.329Z" },
    { url = "https://files.pythonhosted.org/packages/a2/13/a046e9df6d69778b7de66f3d2ad83e563045992959efafb7b2ef62af0560/mysqlclient-2.3.0-cp315-cp315t-win_amd64.whl", hash = "sha256:24164ba592065ae5ff0149bb5707d05772335935059474fb75d864e5d0f94d63", size = 222969, upload-time = "2026-09-14T15:38:28.468Z" },
    { url = "https://files.pythonhosted.org/packages/f8/13/cf40c2957bebe95fa109feb8a28fe0871ba4bd5e37c77b6128114ec20712/mysqlclient-2.3.0-cp315-cp315t-win_arm64.whl", hash = "sha256:f1ec49f73dad7df8f2da4d9de0f875f03c8bd44fbe77878522204c0646822f63", size = 213723, upload-time = "2026-09-14T15:38:29.69Z" },
]

[[package]]
name = "openpyxl"
version = "3.1.5"
source = { registry = "https://pypi.org/simple" }
dependencies = [
    { name = "et-xmlfile" },
]
sdist = { url = "https://files.pythonhosted.org/packages/3d/f9/88d94a75de065ea32619465d2f77b29a0469500e99012523b91cc4141cd1/openpyxl-3.1.5.tar.gz", hash = "sha256:cf0e3cf56142039133628b5acffe8ef0c12bc902d2aadd3e0fe5878dc08d1050", size = 186464, upload-time = "2024-06-28T14:03:44.161Z" }
wheels = [
    { url = "https://files.pythonhosted.org/packages/c0/da/977ded879c29cbd04de313843e76868e6e13408a94ed6b987245dc7c8506/openpyxl-3.1.5-py2.py3-none-any.whl", hash = "sha256:5282c12b107bffeef825f4617dc029afaf41d0ea60823bbb665ef3079dc79de2", size = 250910, upload-time = "2024-06-28T14:03:41.161Z" },
]

[[package]]
name = "pypng"
version = "0.20220715.0"
source = { registry = "https://pypi.org/simple" }
sdist = { url = "https://files.pythonhosted.org/packages/93/cd/112f092ec27cca83e0516de0a3368dbd9128c187fb6b52aaaa7cde39c96d/pypng-0.20220715.0.tar.gz", hash = "sha256:739c433ba96f078315de54c0db975aee537cbc3e1d0ae4ed9aab0ca1e427e2c1", size = 128992, upload-time = "2022-07-15T14:11:05.301Z" }
wheels = [
    { url = "https://files.pythonhosted.org/packages/3e/b9/3766cc361d93edb2ce81e2e1f87dd98f314d7d513877a342d31b30741680/pypng-0.20220715.0-py3-none-any.whl", hash = "sha256:4a43e969b8f5aaafb2a415536c1a8ec7e341cd6a3f957fd5b5f32a4cfeed902c", size = 58057, upload-time = "2022-07-15T14:11:03.713Z" },
]

[[package]]
name = "qrcode"
version = "8.2"
source = { registry = "https://pypi.org/simple" }
dependencies = [
    { name = "colorama", marker = "sys_platform == 'win32'" },
]
sdist = { url = "https://files.pythonhosted.org/packages/8f/b2/7fc2931bfae0af02d5f53b174e9cf701adbb35f39d69c2af63d4a39f81a9/qrcode-8.2.tar.gz", hash = "sha256:35c3f2a4172b33136ab9f6b3ef1c00260dd2f66f858f24d88418a015f446506c", size = 43317, upload-time = "2025-05-01T15:44:24.726Z" }
wheels = [
    { url = "https://files.pythonhosted.org/packages/dd/b8/d2d6d731733f51684bbf76bf34dab3b70a9148e8f2cef2bb544fccec681a/qrcode-8.2-py3-none-any.whl", hash = "sha256:16e64e0716c14960108e85d853062c9e8bba5ca8252c0b4d0231b9df4060ff4f", size = 45986, upload-time = "2025-05-01T15:44:22.781Z" },
]

[package.optional-dependencies]
png = [
    { name = "pypng" },
]

[[package]]
name = "sqlparse"
version = "0.6.0"
source = { registry = "https://pypi.org/simple" }
sdist = { url = "https://files.pythonhosted.org/packages/5f/d3/3f06a1006f2261d1342aefb3c71eed02f5d4ca5bdbecd86ebc12ad38306e/sqlparse-0.6.0.tar.gz", hash = "sha256:113c35c75365ab9cc9c7231d68c6428fb11c085fc8e9eb1ad659b7ddbf6cd2b9", size = 178477, upload-time = "2026-08-13T19:16:06.396Z" }
wheels = [
    { url = "https://files.pythonhosted.org/packages/d9/50/f00935da0ec7cbf325f8dc4f772ae46fbc7b672dd62876e73f0a94adda57/sqlparse-0.6.0-py3-none-any.whl", hash = "sha256:b861c0288ce2fa56209a9a6412d2e066ac664b3873b89c26c9d8415e8e32996f", size = 50070, upload-time = "2026-08-13T19:16:04.062Z" },
]

[[package]]
name = "tzdata"
version = "2026.4"
source = { registry = "https://pypi.org/simple" }
sdist = { url = "https://files.pythonhosted.org/packages/e4/31/3d74fa778a63b98b7374323befcc0be5ab3bd94afd4096a0124e7379152c/tzdata-2026.4.tar.gz", hash = "sha256:f1b8bd365d8d210c55353f4d7f8d6d8561c0ba50d704b700d195a9424bba0d79", size = 199350, upload-time = "2026-09-12T12:56:03.251Z" }
wheels = [
    { url = "https://files.pythonhosted.org/packages/f9/bc/8737e8d54cf51106118039b83f485a4783112fab49ea9d044b234978a46e/tzdata-2026.4-py2.py3-none-any.whl", hash = "sha256:c2169a8b0a7a5e9674da5a135ccdfb2b3e671b333ed9fed17b41f73c34476e81", size = 347494, upload-time = "2026-09-12T12:56:01.67Z" },
]
